// !$*UTF8*$!
{
	archiveVersion = 1;
	classes = {
	};
	objectVersion = 46;
	objects = {

/* Begin PBXBuildFile section */
		0392858114CCCBF300D02672 /* Cocoa.framework in Frameworks */ = {isa = PBXBuildFile; fileRef = 0392858014CCCBF300D02672 /* Cocoa.framework */; };
		0392858B14CCCBF300D02672 /* InfoPlist.strings in Resources */ = {isa = PBXBuildFile; fileRef = 0392858914CCCBF300D02672 /* InfoPlist.strings */; };
		0392859714CCCC4B00D02672 /* SNRHUDSegmentedCell.h in Headers */ = {isa = PBXBuildFile; fileRef = 0392859514CCCC4B00D02672 /* SNRHUDSegmentedCell.h */; settings = {ATTRIBUTES = (Public, ); }; };
		0392859814CCCC4B00D02672 /* SNRHUDSegmentedCell.m in Sources */ = {isa = PBXBuildFile; fileRef = 0392859614CCCC4B00D02672 /* SNRHUDSegmentedCell.m */; };
		039285B014CCD40500D02672 /* Cocoa.framework in Frameworks */ = {isa = PBXBuildFile; fileRef = 0392858014CCCBF300D02672 /* Cocoa.framework */; };
		039285B614CCD40500D02672 /* InfoPlist.strings in Resources */ = {isa = PBXBuildFile; fileRef = 039285B414CCD40500D02672 /* InfoPlist.strings */; };
		039285B814CCD40500D02672 /* main.m in Sources */ = {isa = PBXBuildFile; fileRef = 039285B714CCD40500D02672 /* main.m */; };
		039285BC14CCD40500D02672 /* Credits.rtf in Resources */ = {isa = PBXBuildFile; fileRef = 039285BA14CCD40500D02672 /* Credits.rtf */; };
		039285BF14CCD40500D02672 /* SNRHUDAppDelegate.m in Sources */ = {isa = PBXBuildFile; fileRef = 039285BE14CCD40500D02672 /* SNRHUDAppDelegate.m */; };
		039285C214CCD40500D02672 /* MainMenu.xib in Resources */ = {isa = PBXBuildFile; fileRef = 039285C014CCD40500D02672 /* MainMenu.xib */; };
		039285C614CCD42000D02672 /* SNRHUDKit.framework in Frameworks */ = {isa = PBXBuildFile; fileRef = 0392857D14CCCBF300D02672 /* SNRHUDKit.framework */; };
		039285CA14CCD43D00D02672 /* SNRHUDKit.framework in CopyFiles */ = {isa = PBXBuildFile; fileRef = 0392857D14CCCBF300D02672 /* SNRHUDKit.framework */; };
		039285CE14CCE82700D02672 /* NSBezierPath+MCAdditions.h in Headers */ = {isa = PBXBuildFile; fileRef = 039285CC14CCE82700D02672 /* NSBezierPath+MCAdditions.h */; settings = {ATTRIBUTES = (Private, ); }; };
		039285CF14CCE82700D02672 /* NSBezierPath+MCAdditions.m in Sources */ = {isa = PBXBuildFile; fileRef = 039285CD14CCE82700D02672 /* NSBezierPath+MCAdditions.m */; };
		039285D214CCF39B00D02672 /* SNRHUDWindow.h in Headers */ = {isa = PBXBuildFile; fileRef = 039285D014CCF39B00D02672 /* SNRHUDWindow.h */; settings = {ATTRIBUTES = (Public, ); }; };
		039285D314CCF39B00D02672 /* SNRHUDWindow.m in Sources */ = {isa = PBXBuildFile; fileRef = 039285D114CCF39B00D02672 /* SNRHUDWindow.m */; };
		039285D614CDE58800D02672 /* SNRHUDTextFieldCell.h in Headers */ = {isa = PBXBuildFile; fileRef = 039285D414CDE58700D02672 /* SNRHUDTextFieldCell.h */; settings = {ATTRIBUTES = (Public, ); }; };
		039285D714CDE58800D02672 /* SNRHUDTextFieldCell.m in Sources */ = {isa = PBXBuildFile; fileRef = 039285D514CDE58800D02672 /* SNRHUDTextFieldCell.m */; };
		039285E514CE007100D02672 /* SNRHUDButtonCell.h in Headers */ = {isa = PBXBuildFile; fileRef = 039285E314CE007100D02672 /* SNRHUDButtonCell.h */; settings = {ATTRIBUTES = (Public, ); }; };
		039285E614CE007100D02672 /* SNRHUDButtonCell.m in Sources */ = {isa = PBXBuildFile; fileRef = 039285E414CE007100D02672 /* SNRHUDButtonCell.m */; };
		039285E914CE0B4300D02672 /* SNRHUDTextView.h in Headers */ = {isa = PBXBuildFile; fileRef = 039285E714CE0B4200D02672 /* SNRHUDTextView.h */; settings = {ATTRIBUTES = (Public, ); }; };
		039285EA14CE0B4300D02672 /* SNRHUDTextView.m in Sources */ = {isa = PBXBuildFile; fileRef = 039285E814CE0B4300D02672 /* SNRHUDTextView.m */; };
		039285ED14CE0B8600D02672 /* SNRHUDScrollView.h in Headers */ = {isa = PBXBuildFile; fileRef = 039285EB14CE0B8500D02672 /* SNRHUDScrollView.h */; settings = {ATTRIBUTES = (Public, ); }; };
		039285EE14CE0B8600D02672 /* SNRHUDScrollView.m in Sources */ = {isa = PBXBuildFile; fileRef = 039285EC14CE0B8500D02672 /* SNRHUDScrollView.m */; };
		039285F114CE0C1100D02672 /* SNRHUDImageCell.h in Headers */ = {isa = PBXBuildFile; fileRef = 039285EF14CE0C1000D02672 /* SNRHUDImageCell.h */; settings = {ATTRIBUTES = (Public, ); }; };
		039285F214CE0C1100D02672 /* SNRHUDImageCell.m in Sources */ = {isa = PBXBuildFile; fileRef = 039285F014CE0C1000D02672 /* SNRHUDImageCell.m */; };
/* End PBXBuildFile section */

/* Begin PBXContainerItemProxy section */
		039285C714CCD42900D02672 /* PBXContainerItemProxy */ = {
			isa = PBXContainerItemProxy;
			containerPortal = 0392857314CCCBF300D02672 /* Project object */;
			proxyType = 1;
			remoteGlobalIDString = 0392857C14CCCBF300D02672;
			remoteInfo = SNRHUDKit;
		};
/* End PBXContainerItemProxy section */

/* Begin PBXCopyFilesBuildPhase section */
		039285C914CCD43300D02672 /* CopyFiles */ = {
			isa = PBXCopyFilesBuildPhase;
			buildActionMask = 2147483647;
			dstPath = "";
			dstSubfolderSpec = 10;
			files = (
				039285CA14CCD43D00D02672 /* SNRHUDKit.framework in CopyFiles */,
			);
			runOnlyForDeploymentPostprocessing = 0;
		};
/* End PBXCopyFilesBuildPhase section */

/* Begin PBXFileReference section */
		0392857D14CCCBF300D02672 /* SNRHUDKit.framework */ = {isa = PBXFileReference; explicitFileType = wrapper.framework; includeInIndex = 0; path = SNRHUDKit.framework; sourceTree = BUILT_PRODUCTS_DIR; };
		0392858014CCCBF300D02672 /* Cocoa.framework */ = {isa = PBXFileReference; lastKnownFileType = wrapper.framework; name = Cocoa.framework; path = System/Library/Frameworks/Cocoa.framework; sourceTree = SDKROOT; };
		0392858314CCCBF300D02672 /* AppKit.framework */ = {isa = PBXFileReference; lastKnownFileType = wrapper.framework; name = AppKit.framework; path = System/Library/Frameworks/AppKit.framework; sourceTree = SDKROOT; };
		0392858514CCCBF300D02672 /* Foundation.framework */ = {isa = PBXFileReference; lastKnownFileType = wrapper.framework; name = Foundation.framework; path = System/Library/Frameworks/Foundation.framework; sourceTree = SDKROOT; };
		0392858814CCCBF300D02672 /* SNRHUDKit-Info.plist */ = {isa = PBXFileReference; lastKnownFileType = text.plist.xml; path = "SNRHUDKit-Info.plist"; sourceTree = "<group>"; };
		0392858A14CCCBF300D02672 /* en */ = {isa = PBXFileReference; lastKnownFileType = text.plist.strings; name = en; path = en.lproj/InfoPlist.strings; sourceTree = "<group>"; };
		0392858C14CCCBF300D02672 /* SNRHUDKit-Prefix.pch */ = {isa = PBXFileReference; lastKnownFileType = sourcecode.c.h; path = "SNRHUDKit-Prefix.pch"; sourceTree = "<group>"; };
		0392858D14CCCBF300D02672 /* SNRHUDKit.h */ = {isa = PBXFileReference; lastKnownFileType = sourcecode.c.h; path = SNRHUDKit.h; sourceTree = "<group>"; };
		0392859514CCCC4B00D02672 /* SNRHUDSegmentedCell.h */ = {isa = PBXFileReference; fileEncoding = 4; lastKnownFileType = sourcecode.c.h; name = SNRHUDSegmentedCell.h; path = Classes/SNRHUDSegmentedCell.h; sourceTree = "<group>"; };
		0392859614CCCC4B00D02672 /* SNRHUDSegmentedCell.m */ = {isa = PBXFileReference; fileEncoding = 4; lastKnownFileType = sourcecode.c.objc; name = SNRHUDSegmentedCell.m; path = Classes/SNRHUDSegmentedCell.m; sourceTree = "<group>"; };
		039285AE14CCD40500D02672 /* Catalog.app */ = {isa = PBXFileReference; explicitFileType = wrapper.application; includeInIndex = 0; path = Catalog.app; sourceTree = BUILT_PRODUCTS_DIR; };
		039285B314CCD40500D02672 /* Catalog-Info.plist */ = {isa = PBXFileReference; lastKnownFileType = text.plist.xml; path = "Catalog-Info.plist"; sourceTree = "<group>"; };
		039285B514CCD40500D02672 /* en */ = {isa = PBXFileReference; lastKnownFileType = text.plist.strings; name = en; path = en.lproj/InfoPlist.strings; sourceTree = "<group>"; };
		039285B714CCD40500D02672 /* main.m */ = {isa = PBXFileReference; lastKnownFileType = sourcecode.c.objc; path = main.m; sourceTree = "<group>"; };
		039285B914CCD40500D02672 /* Catalog-Prefix.pch */ = {isa = PBXFileReference; lastKnownFileType = sourcecode.c.h; path = "Catalog-Prefix.pch"; sourceTree = "<group>"; };
		039285BB14CCD40500D02672 /* en */ = {isa = PBXFileReference; lastKnownFileType = text.rtf; name = en; path = en.lproj/Credits.rtf; sourceTree = "<group>"; };
		039285BD14CCD40500D02672 /* SNRHUDAppDelegate.h */ = {isa = PBXFileReference; lastKnownFileType = sourcecode.c.h; path = SNRHUDAppDelegate.h; sourceTree = "<group>"; };
		039285BE14CCD40500D02672 /* SNRHUDAppDelegate.m */ = {isa = PBXFileReference; lastKnownFileType = sourcecode.c.objc; path = SNRHUDAppDelegate.m; sourceTree = "<group>"; };
		039285C114CCD40500D02672 /* en */ = {isa = PBXFileReference; lastKnownFileType = file.xib; name = en; path = en.lproj/MainMenu.xib; sourceTree = "<group>"; };
		039285CC14CCE82700D02672 /* NSBezierPath+MCAdditions.h */ = {isa = PBXFileReference; fileEncoding = 4; lastKnownFileType = sourcecode.c.h; name = "NSBezierPath+MCAdditions.h"; path = "Categories/NSBezierPath+MCAdditions.h"; sourceTree = "<group>"; };
		039285CD14CCE82700D02672 /* NSBezierPath+MCAdditions.m */ = {isa = PBXFileReference; fileEncoding = 4; lastKnownFileType = sourcecode.c.objc; name = "NSBezierPath+MCAdditions.m"; path = "Categories/NSBezierPath+MCAdditions.m"; sourceTree = "<group>"; };
		039285D014CCF39B00D02672 /* SNRHUDWindow.h */ = {isa = PBXFileReference; fileEncoding = 4; lastKnownFileType = sourcecode.c.h; name = SNRHUDWindow.h; path = Classes/SNRHUDWindow.h; sourceTree = "<group>"; };
		039285D114CCF39B00D02672 /* SNRHUDWindow.m */ = {isa = PBXFileReference; fileEncoding = 4; lastKnownFileType = sourcecode.c.objc; name = SNRHUDWindow.m; path = Classes/SNRHUDWindow.m; sourceTree = "<group>"; };
		039285D414CDE58700D02672 /* SNRHUDTextFieldCell.h */ = {isa = PBXFileReference; fileEncoding = 4; lastKnownFileType = sourcecode.c.h; name = SNRHUDTextFieldCell.h; path = Classes/SNRHUDTextFieldCell.h; sourceTree = "<group>"; };
		039285D514CDE58800D02672 /* SNRHUDTextFieldCell.m */ = {isa = PBXFileReference; fileEncoding = 4; lastKnownFileType = sourcecode.c.objc; name = SNRHUDTextFieldCell.m; path = Classes/SNRHUDTextFieldCell.m; sourceTree = "<group>"; };
		039285E314CE007100D02672 /* SNRHUDButtonCell.h */ = {isa = PBXFileReference; fileEncoding = 4; lastKnownFileType = sourcecode.c.h; name = SNRHUDButtonCell.h; path = Classes/SNRHUDButtonCell.h; sourceTree = "<group>"; };
		039285E414CE007100D02672 /* SNRHUDButtonCell.m */ = {isa = PBXFileReference; fileEncoding = 4; lastKnownFileType = sourcecode.c.objc; name = SNRHUDButtonCell.m; path = Classes/SNRHUDButtonCell.m; sourceTree = "<group>"; };
		039285E714CE0B4200D02672 /* SNRHUDTextView.h */ = {isa = PBXFileReference; fileEncoding = 4; lastKnownFileType = sourcecode.c.h; name = SNRHUDTextView.h; path = Classes/SNRHUDTextView.h; sourceTree = "<group>"; };
		039285E814CE0B4300D02672 /* SNRHUDTextView.m */ = {isa = PBXFileReference; fileEncoding = 4; lastKnownFileType = sourcecode.c.objc; name = SNRHUDTextView.m; path = Classes/SNRHUDTextView.m; sourceTree = "<group>"; };
		039285EB14CE0B8500D02672 /* SNRHUDScrollView.h */ = {isa = PBXFileReference; fileEncoding = 4; lastKnownFileType = sourcecode.c.h; name = SNRHUDScrollView.h; path = Classes/SNRHUDScrollView.h; sourceTree = "<group>"; };
		039285EC14CE0B8500D02672 /* SNRHUDScrollView.m */ = {isa = PBXFileReference; fileEncoding = 4; lastKnownFileType = sourcecode.c.objc; name = SNRHUDScrollView.m; path = Classes/SNRHUDScrollView.m; sourceTree = "<group>"; };
		039285EF14CE0C1000D02672 /* SNRHUDImageCell.h */ = {isa = PBXFileReference; fileEncoding = 4; lastKnownFileType = sourcecode.c.h; name = SNRHUDImageCell.h; path = Classes/SNRHUDImageCell.h; sourceTree = "<group>"; };
		039285F014CE0C1000D02672 /* SNRHUDImageCell.m */ = {isa = PBXFileReference; fileEncoding = 4; lastKnownFileType = sourcecode.c.objc; name = SNRHUDImageCell.m; path = Classes/SNRHUDImageCell.m; sourceTree = "<group>"; };
/* End PBXFileReference section */

/* Begin PBXFrameworksBuildPhase section */
		0392857914CCCBF300D02672 /* Frameworks */ = {
			isa = PBXFrameworksBuildPhase;
			buildActionMask = 2147483647;
			files = (
				0392858114CCCBF300D02672 /* Cocoa.framework in Frameworks */,
			);
			runOnlyForDeploymentPostprocessing = 0;
		};
		039285AB14CCD40500D02672 /* Frameworks */ = {
			isa = PBXFrameworksBuildPhase;
			buildActionMask = 2147483647;
			files = (
				039285C614CCD42000D02672 /* SNRHUDKit.framework in Frameworks */,
				039285B014CCD40500D02672 /* Cocoa.framework in Frameworks */,
			);
			runOnlyForDeploymentPostprocessing = 0;
		};
/* End PBXFrameworksBuildPhase section */

/* Begin PBXGroup section */
		0392857114CCCBF300D02672 = {
			isa = PBXGroup;
			children = (
				0392858614CCCBF300D02672 /* SNRHUDKit */,
				039285B114CCD40500D02672 /* Catalog (Sample App) */,
				0392857F14CCCBF300D02672 /* Frameworks */,
				0392857E14CCCBF300D02672 /* Products */,
			);
			sourceTree = "<group>";
		};
		0392857E14CCCBF300D02672 /* Products */ = {
			isa = PBXGroup;
			children = (
				0392857D14CCCBF300D02672 /* SNRHUDKit.framework */,
				039285AE14CCD40500D02672 /* Catalog.app */,
			);
			name = Products;
			sourceTree = "<group>";
		};
		0392857F14CCCBF300D02672 /* Frameworks */ = {
			isa = PBXGroup;
			children = (
				0392858014CCCBF300D02672 /* Cocoa.framework */,
				0392858214CCCBF300D02672 /* Other Frameworks */,
			);
			name = Frameworks;
			sourceTree = "<group>";
		};
		0392858214CCCBF300D02672 /* Other Frameworks */ = {
			isa = PBXGroup;
			children = (
				0392858314CCCBF300D02672 /* AppKit.framework */,
				0392858514CCCBF300D02672 /* Foundation.framework */,
			);
			name = "Other Frameworks";
			sourceTree = "<group>";
		};
		0392858614CCCBF300D02672 /* SNRHUDKit */ = {
			isa = PBXGroup;
			children = (
				039285CB14CCE7E700D02672 /* Categories */,
				0392858714CCCBF300D02672 /* Supporting Files */,
				0392858D14CCCBF300D02672 /* SNRHUDKit.h */,
				0392859514CCCC4B00D02672 /* SNRHUDSegmentedCell.h */,
				0392859614CCCC4B00D02672 /* SNRHUDSegmentedCell.m */,
				039285D414CDE58700D02672 /* SNRHUDTextFieldCell.h */,
				039285D514CDE58800D02672 /* SNRHUDTextFieldCell.m */,
				039285D014CCF39B00D02672 /* SNRHUDWindow.h */,
				039285D114CCF39B00D02672 /* SNRHUDWindow.m */,
				039285E314CE007100D02672 /* SNRHUDButtonCell.h */,
				039285E414CE007100D02672 /* SNRHUDButtonCell.m */,
				039285E714CE0B4200D02672 /* SNRHUDTextView.h */,
				039285E814CE0B4300D02672 /* SNRHUDTextView.m */,
				039285EB14CE0B8500D02672 /* SNRHUDScrollView.h */,
				039285EC14CE0B8500D02672 /* SNRHUDScrollView.m */,
				039285EF14CE0C1000D02672 /* SNRHUDImageCell.h */,
				039285F014CE0C1000D02672 /* SNRHUDImageCell.m */,
			);
			path = SNRHUDKit;
			sourceTree = "<group>";
		};
		0392858714CCCBF300D02672 /* Supporting Files */ = {
			isa = PBXGroup;
			children = (
				0392858814CCCBF300D02672 /* SNRHUDKit-Info.plist */,
				0392858914CCCBF300D02672 /* InfoPlist.strings */,
				0392858C14CCCBF300D02672 /* SNRHUDKit-Prefix.pch */,
			);
			name = "Supporting Files";
			sourceTree = "<group>";
		};
		039285B114CCD40500D02672 /* Catalog (Sample App) */ = {
			isa = PBXGroup;
			children = (
				039285BD14CCD40500D02672 /* SNRHUDAppDelegate.h */,
				039285BE14CCD40500D02672 /* SNRHUDAppDelegate.m */,
				039285C014CCD40500D02672 /* MainMenu.xib */,
				039285B214CCD40500D02672 /* Supporting Files */,
			);
			name = "Catalog (Sample App)";
			path = Catalog;
			sourceTree = "<group>";
		};
		039285B214CCD40500D02672 /* Supporting Files */ = {
			isa = PBXGroup;
			children = (
				039285B314CCD40500D02672 /* Catalog-Info.plist */,
				039285B414CCD40500D02672 /* InfoPlist.strings */,
				039285B714CCD40500D02672 /* main.m */,
				039285B914CCD40500D02672 /* Catalog-Prefix.pch */,
				039285BA14CCD40500D02672 /* Credits.rtf */,
			);
			name = "Supporting Files";
			sourceTree = "<group>";
		};
		039285CB14CCE7E700D02672 /* Categories */ = {
			isa = PBXGroup;
			children = (
				039285CC14CCE82700D02672 /* NSBezierPath+MCAdditions.h */,
				039285CD14CCE82700D02672 /* NSBezierPath+MCAdditions.m */,
			);
			name = Categories;
			sourceTree = "<group>";
		};
/* End PBXGroup section */

/* Begin PBXHeadersBuildPhase section */
		0392857A14CCCBF300D02672 /* Headers */ = {
			isa = PBXHeadersBuildPhase;
			buildActionMask = 2147483647;
			files = (
				0392859714CCCC4B00D02672 /* SNRHUDSegmentedCell.h in Headers */,
				039285D214CCF39B00D02672 /* SNRHUDWindow.h in Headers */,
				039285D614CDE58800D02672 /* SNRHUDTextFieldCell.h in Headers */,
				039285E514CE007100D02672 /* SNRHUDButtonCell.h in Headers */,
				039285E914CE0B4300D02672 /* SNRHUDTextView.h in Headers */,
				039285ED14CE0B8600D02672 /* SNRHUDScrollView.h in Headers */,
				039285F114CE0C1100D02672 /* SNRHUDImageCell.h in Headers */,
				039285CE14CCE82700D02672 /* NSBezierPath+MCAdditions.h in Headers */,
			);
			runOnlyForDeploymentPostprocessing = 0;
		};
/* End PBXHeadersBuildPhase section */

/* Begin PBXNativeTarget section */
		0392857C14CCCBF300D02672 /* SNRHUDKit */ = {
			isa = PBXNativeTarget;
			buildConfigurationList = 0392859214CCCBF300D02672 /* Build configuration list for PBXNativeTarget "SNRHUDKit" */;
			buildPhases = (
				0392857814CCCBF300D02672 /* Sources */,
				0392857914CCCBF300D02672 /* Frameworks */,
				0392857A14CCCBF300D02672 /* Headers */,
				0392857B14CCCBF300D02672 /* Resources */,
			);
			buildRules = (
			);
			dependencies = (
			);
			name = SNRHUDKit;
			productName = SNRHUDKit;
			productReference = 0392857D14CCCBF300D02672 /* SNRHUDKit.framework */;
			productType = "com.apple.product-type.framework";
		};
		039285AD14CCD40500D02672 /* Catalog */ = {
			isa = PBXNativeTarget;
			buildConfigurationList = 039285C314CCD40500D02672 /* Build configuration list for PBXNativeTarget "Catalog" */;
			buildPhases = (
				039285AA14CCD40500D02672 /* Sources */,
				039285AB14CCD40500D02672 /* Frameworks */,
				039285AC14CCD40500D02672 /* Resources */,
				039285C914CCD43300D02672 /* CopyFiles */,
			);
			buildRules = (
			);
			dependencies = (
				039285C814CCD42900D02672 /* PBXTargetDependency */,
			);
			name = Catalog;
			productName = Catalog;
			productReference = 039285AE14CCD40500D02672 /* Catalog.app */;
			productType = "com.apple.product-type.application";
		};
/* End PBXNativeTarget section */

/* Begin PBXProject section */
		0392857314CCCBF300D02672 /* Project object */ = {
			isa = PBXProject;
			attributes = {
				LastUpgradeCheck = 0420;
				ORGANIZATIONNAME = indragie.com;
			};
			buildConfigurationList = 0392857614CCCBF300D02672 /* Build configuration list for PBXProject "SNRHUDKit" */;
			compatibilityVersion = "Xcode 3.2";
			developmentRegion = English;
			hasScannedForEncodings = 0;
			knownRegions = (
				en,
			);
			mainGroup = 0392857114CCCBF300D02672;
			productRefGroup = 0392857E14CCCBF300D02672 /* Products */;
			projectDirPath = "";
			projectRoot = "";
			targets = (
				0392857C14CCCBF300D02672 /* SNRHUDKit */,
				039285AD14CCD40500D02672 /* Catalog */,
			);
		};
/* End PBXProject section */

/* Begin PBXResourcesBuildPhase section */
		0392857B14CCCBF300D02672 /* Resources */ = {
			isa = PBXResourcesBuildPhase;
			buildActionMask = 2147483647;
			files = (
				0392858B14CCCBF300D02672 /* InfoPlist.strings in Resources */,
			);
			runOnlyForDeploymentPostprocessing = 0;
		};
		039285AC14CCD40500D02672 /* Resources */ = {
			isa = PBXResourcesBuildPhase;
			buildActionMask = 2147483647;
			files = (
				039285B614CCD40500D02672 /* InfoPlist.strings in Resources */,
				039285BC14CCD40500D02672 /* Credits.rtf in Resources */,
				039285C214CCD40500D02672 /* MainMenu.xib in Resources */,
			);
			runOnlyForDeploymentPostprocessing = 0;
		};
/* End PBXResourcesBuildPhase section */

/* Begin PBXSourcesBuildPhase section */
		0392857814CCCBF300D02672 /* Sources */ = {
			isa = PBXSourcesBuildPhase;
			buildActionMask = 2147483647;
			files = (
				0392859814CCCC4B00D02672 /* SNRHUDSegmentedCell.m in Sources */,
				039285CF14CCE82700D02672 /* NSBezierPath+MCAdditions.m in Sources */,
				039285D314CCF39B00D02672 /* SNRHUDWindow.m in Sources */,
				039285D714CDE58800D02672 /* SNRHUDTextFieldCell.m in Sources */,
				039285E614CE007100D02672 /* SNRHUDButtonCell.m in Sources */,
				039285EA14CE0B4300D02672 /* SNRHUDTextView.m in Sources */,
				039285EE14CE0B8600D02672 /* SNRHUDScrollView.m in Sources */,
				039285F214CE0C1100D02672 /* SNRHUDImageCell.m in Sources */,
			);
			runOnlyForDeploymentPostprocessing = 0;
		};
		039285AA14CCD40500D02672 /* Sources */ = {
			isa = PBXSourcesBuildPhase;
			buildActionMask = 2147483647;
			files = (
				039285B814CCD40500D02672 /* main.m in Sources */,
				039285BF14CCD40500D02672 /* SNRHUDAppDelegate.m in Sources */,
			);
			runOnlyForDeploymentPostprocessing = 0;
		};
/* End PBXSourcesBuildPhase section */

/* Begin PBXTargetDependency section */
		039285C814CCD42900D02672 /* PBXTargetDependency */ = {
			isa = PBXTargetDependency;
			target = 0392857C14CCCBF300D02672 /* SNRHUDKit */;
			targetProxy = 039285C714CCD42900D02672 /* PBXContainerItemProxy */;
		};
/* End PBXTargetDependency section */

/* Begin PBXVariantGroup section */
		0392858914CCCBF300D02672 /* InfoPlist.strings */ = {
			isa = PBXVariantGroup;
			children = (
				0392858A14CCCBF300D02672 /* en */,
			);
			name = InfoPlist.strings;
			sourceTree = "<group>";
		};
		039285B414CCD40500D02672 /* InfoPlist.strings */ = {
			isa = PBXVariantGroup;
			children = (
				039285B514CCD40500D02672 /* en */,
			);
			name = InfoPlist.strings;
			sourceTree = "<group>";
		};
		039285BA14CCD40500D02672 /* Credits.rtf */ = {
			isa = PBXVariantGroup;
			children = (
				039285BB14CCD40500D02672 /* en */,
			);
			name = Credits.rtf;
			sourceTree = "<group>";
		};
		039285C014CCD40500D02672 /* MainMenu.xib */ = {
			isa = PBXVariantGroup;
			children = (
				039285C114CCD40500D02672 /* en */,
			);
			name = MainMenu.xib;
			sourceTree = "<group>";
		};
/* End PBXVariantGroup section */

/* Begin XCBuildConfiguration section */
		0392859014CCCBF300D02672 /* Debug */ = {
			isa = XCBuildConfiguration;
			buildSettings = {
				ALWAYS_SEARCH_USER_PATHS = NO;
				ARCHS = "$(ARCHS_STANDARD_64_BIT)";
				CLANG_ENABLE_OBJC_ARC = YES;
				COPY_PHASE_STRIP = NO;
				GCC_C_LANGUAGE_STANDARD = gnu99;
				GCC_DYNAMIC_NO_PIC = NO;
				GCC_ENABLE_OBJC_EXCEPTIONS = YES;
				GCC_OPTIMIZATION_LEVEL = 0;
				GCC_PREPROCESSOR_DEFINITIONS = (
					"DEBUG=1",
					"$(inherited)",
				);
				GCC_SYMBOLS_PRIVATE_EXTERN = NO;
				GCC_VERSION = com.apple.compilers.llvm.clang.1_0;
				GCC_WARN_64_TO_32_BIT_CONVERSION = YES;
				GCC_WARN_ABOUT_MISSING_PROTOTYPES = YES;
				GCC_WARN_ABOUT_RETURN_TYPE = YES;
				GCC_WARN_UNUSED_VARIABLE = YES;
				MACOSX_DEPLOYMENT_TARGET = 10.7;
				ONLY_ACTIVE_ARCH = YES;
				SDKROOT = macosx;
			};
			name = Debug;
		};
		0392859114CCCBF300D02672 /* Release */ = {
			isa = XCBuildConfiguration;
			buildSettings = {
				ALWAYS_SEARCH_USER_PATHS = NO;
				ARCHS = "$(ARCHS_STANDARD_64_BIT)";
				CLANG_ENABLE_OBJC_ARC = YES;
				COPY_PHASE_STRIP = YES;
				DEBUG_INFORMATION_FORMAT = "dwarf-with-dsym";
				GCC_C_LANGUAGE_STANDARD = gnu99;
				GCC_ENABLE_OBJC_EXCEPTIONS = YES;
				GCC_VERSION = com.apple.compilers.llvm.clang.1_0;
				GCC_WARN_64_TO_32_BIT_CONVERSION = YES;
				GCC_WARN_ABOUT_MISSING_PROTOTYPES = YES;
				GCC_WARN_ABOUT_RETURN_TYPE = YES;
				GCC_WARN_UNUSED_VARIABLE = YES;
				MACOSX_DEPLOYMENT_TARGET = 10.7;
				SDKROOT = macosx;
			};
			name = Release;
		};
		0392859314CCCBF300D02672 /* Debug */ = {
			isa = XCBuildConfiguration;
			buildSettings = {
				DYLIB_COMPATIBILITY_VERSION = 1;
				DYLIB_CURRENT_VERSION = 1;
				FRAMEWORK_VERSION = A;
				GCC_PRECOMPILE_PREFIX_HEADER = YES;
				GCC_PREFIX_HEADER = "SNRHUDKit/SNRHUDKit-Prefix.pch";
				INFOPLIST_FILE = "SNRHUDKit/SNRHUDKit-Info.plist";
				INSTALL_PATH = "@rpath";
				LD_RUNPATH_SEARCH_PATHS = "@loader_path/Frameworks";
				PRODUCT_NAME = "$(TARGET_NAME)";
				WRAPPER_EXTENSION = framework;
			};
			name = Debug;
		};
		0392859414CCCBF300D02672 /* Release */ = {
			isa = XCBuildConfiguration;
			buildSettings = {
				DYLIB_COMPATIBILITY_VERSION = 1;
				DYLIB_CURRENT_VERSION = 1;
				FRAMEWORK_VERSION = A;
				GCC_PRECOMPILE_PREFIX_HEADER = YES;
				GCC_PREFIX_HEADER = "SNRHUDKit/SNRHUDKit-Prefix.pch";
				INFOPLIST_FILE = "SNRHUDKit/SNRHUDKit-Info.plist";
				INSTALL_PATH = "@rpath";
				LD_RUNPATH_SEARCH_PATHS = "@loader_path/Frameworks";
				PRODUCT_NAME = "$(TARGET_NAME)";
				WRAPPER_EXTENSION = framework;
			};
			name = Release;
		};
		039285C414CCD40500D02672 /* Debug */ = {
			isa = XCBuildConfiguration;
			buildSettings = {
				GCC_PRECOMPILE_PREFIX_HEADER = YES;
				GCC_PREFIX_HEADER = "Catalog/Catalog-Prefix.pch";
				INFOPLIST_FILE = "Catalog/Catalog-Info.plist";
				PRODUCT_NAME = "$(TARGET_NAME)";
				WRAPPER_EXTENSION = app;
			};
			name = Debug;
		};
		039285C514CCD40500D02672 /* Release */ = {
			isa = XCBuildConfiguration;
			buildSettings = {
				GCC_PRECOMPILE_PREFIX_HEADER = YES;
				GCC_PREFIX_HEADER = "Catalog/Catalog-Prefix.pch";
				INFOPLIST_FILE = "Catalog/Catalog-Info.plist";
				PRODUCT_NAME = "$(TARGET_NAME)";
				WRAPPER_EXTENSION = app;
			};
			name = Release;
		};
/* End XCBuildConfiguration section */

/* Begin XCConfigurationList section */
		0392857614CCCBF300D02672 /* Build configuration list for PBXProject "SNRHUDKit" */ = {
			isa = XCConfigurationList;
			buildConfigurations = (
				0392859014CCCBF300D02672 /* Debug */,
				0392859114CCCBF300D02672 /* Release */,
			);
			defaultConfigurationIsVisible = 0;
			defaultConfigurationName = Release;
		};
		0392859214CCCBF300D02672 /* Build configuration list for PBXNativeTarget "SNRHUDKit" */ = {
			isa = XCConfigurationList;
			buildConfigurations = (
				0392859314CCCBF300D02672 /* Debug */,
				0392859414CCCBF300D02672 /* Release */,
			);
			defaultConfigurationIsVisible = 0;
			defaultConfigurationName = Release;
		};
		039285C314CCD40500D02672 /* Build configuration list for PBXNativeTarget "Catalog" */ = {
			isa = XCConfigurationList;
			buildConfigurations = (
				039285C414CCD40500D02672 /* Debug */,
				039285C514CCD40500D02672 /* Release */,
			);
			defaultConfigurationIsVisible = 0;
			defaultConfigurationName = Release;
		};
/* End XCConfigurationList section */
	};
	rootObject = 0392857314CCCBF300D02672 /* Project object */;
}
